
Microsoft Visual Studio Solution File, Format Version 12.00
# Visual Studio Version 17
VisualStudioVersion = 17.4.33110.190
MinimumVisualStudioVersion = 10.0.40219.1
Project("{9A19103F-16F7-4668-BE54-9A1E7A4F7556}") = "MatchMakerDBU", "MatchMakerDBU.csproj", "{ED2C1DD5-E155-4784-B39F-6E0FE7149D08}"
EndProject
Global
	GlobalSection(SolutionConfigurationPlatforms) = preSolution
		Debug|Any CPU = Debug|Any CPU
		Release|Any CPU = Release|Any CPU
	EndGlobalSection
	GlobalSection(ProjectConfigurationPlatforms) = postSolution
		{ED2C1DD5-E155-4784-B39F-6E0FE7149D08}.Debug|Any CPU.ActiveCfg = Debug|Any CPU
		{ED2C1DD5-E155-4784-B39F-6E0FE7149D08}.Debug|Any CPU.Build.0 = Debug|Any CPU
		{ED2C1DD5-E155-4784-B39F-6E0FE7149D08}.Release|Any CPU.ActiveCfg = Release|Any CPU
		{ED2C1DD5-E155-4784-B39F-6E0FE7149D08}.Release|Any CPU.Build.0 = Release|Any CPU
	EndGlobalSection
	GlobalSection(SolutionProperties) = preSolution
		HideSolutionNode = FALSE
	EndGlobalSection
	GlobalSection(ExtensibilityGlobals) = postSolution
		SolutionGuid = {39C68F01-BA5E-4233-AE59-4237B9D0B6E9}
	EndGlobalSection
EndGlobal
